version = 1
revision = 3
requires-python = ">=3.10"

[[package]]
name = "asciinema"
version = "2.4.0"
source = { registry = "https://pypi.org/simple" }
sdist = { url = "https://files.pythonhosted.org/packages/f1/19/45b405438e90ad5b9618f3df62e9b3edaa2b115b530e60bd4b363465c704/asciinema-2.4.0.tar.gz", hash = "sha256:828e04c36ba622a7b8f8f912c8f0c1329538b6c7ed1c0d1b131bbbfe3a221707", size = 88768, upload-time = "2023-10-23T15:46:22.08Z" }
wheels = [
    { url = "https://files.pythonhosted.org/packages/55/72/d79812aa210d411f7659fde4bbb1d5ef0e80950ff70f98bfdc57e12787dc/asciinema-2.4.0-py3-none-any.whl", hash = "sha256:249ccf108509d643ddaf38979dac48c99e9e251f597173d8553a30d7a6423104", size = 97332, upload-time = "2023-10-23T15:46:19.691Z" },
]

[[package]]
name = "colorama"
version = "0.4.6"
source = { registry = "https://pypi.org/simple" }
sdist = { url = "https://files.pythonhosted.org/packages/d8/53/6f443c9a4a8358a93a6792e2acffb9d9d5cb0a5cfd8802644b7b1c9a02e4/colorama-0.4.6.tar.gz", hash = "sha256:08695f5cb7ed6e0531a20572697297273c47b8cae5a63ffc6d6ed5c201be6e44", size = 27697, upload-time = "2022-10-25T02:36:22.414Z" }
wheels = [
    { url = "https://files.pythonhosted.org/packages/d1/d6/3965ed04c63042e047cb6a3e6ed1a63a35087b6a609aa3a15ed8ac56c221/colorama-0.4.6-py2.py3-none-any.whl", hash = "sha256:4f1d9991f5acc0ca119f9d443620b77f9d6b33703e51011c16baf57afb285fc6", size = 25335, upload-time = "2022-10-25T02:36:20.889Z" },
]

[[package]]
name = "coverage"
version = "7.4.1"
source = { registry = "https://pypi.org/simple" }
sdist = { url = "https://files.pythonhosted.org/packages/ca/41/e2ba20f090d0d16b73ad1f6fc542eb31b0db20662576583fb4f02554891f/coverage-7.4.1.tar.gz", hash = "sha256:1ed4b95480952b1a26d863e546fa5094564aa0065e1e5f0d4d0041f293251d04", size = 780560, upload-time = "2024-01-26T18:53:41.34Z" }
wheels = [
    { url = "https://files.pythonhosted.org/packages/26/1f/430384b8e428c87950583e775fee97bc83bcfd93a2ecc00b5e55a5a052a5/coverage-7.4.1-cp310-cp310-macosx_10_9_x86_64.whl", hash = "sha256:077d366e724f24fc02dbfe9d946534357fda71af9764ff99d73c3c596001bbd7", size = 206308, upload-time = "2024-01-26T18:51:48.115Z" },
    { url = "https://files.pythonhosted.org/packages/ed/2d/db83db65d0c3d457f993830b97271a80f11bdc051d86dd44405c436db147/coverage-7.4.1-cp310-cp310-macosx_11_0_arm64.whl", hash = "sha256:0193657651f5399d433c92f8ae264aff31fc1d066deee4b831549526433f3f61", size = 206659, upload-time = "2024-01-26T18:51:51.497Z" },
    { url = "https://files.pythonhosted.org/packages/8f/bf/9b1e104690d4976b17d515ee49b648c26d7244e148d1c845708d58b8f4fe/coverage-7.4.1-cp310-cp310-manylinux_2_17_aarch64.manylinux2014_aarch64.whl", hash = "sha256:d17bbc946f52ca67adf72a5ee783cd7cd3477f8f8796f59b4974a9b59cacc9ee", size = 234898, upload-time = "2024-01-26T18:51:53.167Z" },
    { url = "https://files.pythonhosted.org/packages/a3/6a/02369bde2559d7c511d62eaca5668d6e15d2b741da87bc6a7e9c8999777d/coverage-7.4.1-cp310-cp310-manylinux_2_5_i686.manylinux1_i686.manylinux_2_17_i686.manylinux2014_i686.whl", hash = "sha256:a3277f5fa7483c927fe3a7b017b39351610265308f5267ac6d4c2b64cc1d8d25", size = 233179, upload-time = "2024-01-26T18:51:55.446Z" },
    { url = "https://files.pythonhosted.org/packages/49/d5/9d66fd984979b58927588efb0398953acbdb4c45eb7cfcd74fa9b8d51d12/coverage-7.4.1-cp310-cp310-manylinux_2_5_x86_64.manylinux1_x86_64.manylinux_2_17_x86_64.manylinux2014_x86_64.whl", hash = "sha256:6dceb61d40cbfcf45f51e59933c784a50846dc03211054bd76b421a713dcdf19", size = 233972, upload-time = "2024-01-26T18:51:57.498Z" },
    { url = "https://files.pythonhosted.org/packages/64/98/2f02659fdd92467a78e35fcf756b373f2a374bb68a42a16546ad3005bb18/coverage-7.4.1-cp310-cp310-musllinux_1_1_aarch64.whl", hash = "sha256:6008adeca04a445ea6ef31b2cbaf1d01d02986047606f7da266629afee982630", size = 240035, upload-time = "2024-01-26T18:51:59.842Z" },
    { url = "https://files.pythonhosted.org/packages/ba/77/c12e72e82324914d4b36d89535a18dc57de06829597b345080acbf4083d0/coverage-7.4.1-cp310-cp310-musllinux_1_1_i686.whl", hash = "sha256:c61f66d93d712f6e03369b6a7769233bfda880b12f417eefdd4f16d1deb2fc4c", size = 238230, upload-time = "2024-01-26T18:52:02.695Z" },
    { url = "https://files.pythonhosted.org/packages/d3/e9/4dd7343cfb4458e3279da877cdd73e006624f6b24fd5c6675e4f973724c0/coverage-7.4.1-cp310-cp310-musllinux_1_1_x86_64.whl", hash = "sha256:b9bb62fac84d5f2ff523304e59e5c439955fb3b7f44e3d7b2085184db74d733b", size = 239418, upload-time = "2024-01-26T18:52:04.554Z" },
    { url = "https://files.pythonhosted.org/packages/c1/65/10f29c16bba6908115c9011bdeb16bbd6df877ea0fa1acdfc4a132dcef06/coverage-7.4.1-cp310-cp310-win32.whl", hash = "sha256:f86f368e1c7ce897bf2457b9eb61169a44e2ef797099fb5728482b8d69f3f016", size = 208838, upload-time = "2024-01-26T18:52:06.975Z" },
    { url = "https://files.pythonhosted.org/packages/6a/a7/276ab6a05eefc827b7a4c77b57c57a72c8c4bdc01748ce90f3936b417d8b/coverage-7.4.1-cp310-cp310-win_amd64.whl", hash = "sha256:869b5046d41abfea3e381dd143407b0d29b8282a904a19cb908fa24d090cc018", size = 209738, upload-time = "2024-01-26T18:52:08.818Z" },
    { url = "https://files.pythonhosted.org/packages/0b/bd/008f9dad615d67e47221a983cd46cb5e87002e569dec60daa84d1b422859/coverage-7.4.1-cp311-cp311-macosx_10_9_x86_64.whl", hash = "sha256:b8ffb498a83d7e0305968289441914154fb0ef5d8b3157df02a90c6695978295", size = 206494, upload-time = "2024-01-26T18:52:11.417Z" },
    { url = "https://files.pythonhosted.org/packages/12/8d/e078f0ccc4e91aa44f7754f0bac18bd6c62780a029b5d30f6242c6e06b23/coverage-7.4.1-cp311-cp311-macosx_11_0_arm64.whl", hash = "sha256:3cacfaefe6089d477264001f90f55b7881ba615953414999c46cc9713ff93c8c", size = 206760, upload-time = "2024-01-26T18:52:13.114Z" },
    { url = "https://files.pythonhosted.org/packages/87/71/0d90c4cda220c1f20f0eeaa997633eb1ec0bcaf5d8250c299d0f27a5885d/coverage-7.4.1-cp311-cp311-manylinux_2_17_aarch64.manylinux2014_aarch64.whl", hash = "sha256:5d6850e6e36e332d5511a48a251790ddc545e16e8beaf046c03985c69ccb2676", size = 238549, upload-time = "2024-01-26T18:52:15.821Z" },
    { url = "https://files.pythonhosted.org/packages/2b/cc/bf2bfaf953a47d9771383cb87ce2985ec3d4aad445fb88143c24d9839079/coverage-7.4.1-cp311-cp311-manylinux_2_5_i686.manylinux1_i686.manylinux_2_17_i686.manylinux2014_i686.whl", hash = "sha256:18e961aa13b6d47f758cc5879383d27b5b3f3dcd9ce8cdbfdc2571fe86feb4dd", size = 236124, upload-time = "2024-01-26T18:52:18.165Z" },
    { url = "https://files.pythonhosted.org/packages/d5/a7/36bd1c439fab5d450c69b7cdf4be4291d56885ae8be11ebed9ec240b919f/coverage-7.4.1-cp311-cp311-manylinux_2_5_x86_64.manylinux1_x86_64.manylinux_2_17_x86_64.manylinux2014_x86_64.whl", hash = "sha256:dfd1e1b9f0898817babf840b77ce9fe655ecbe8b1b327983df485b30df8cc011", size = 237825, upload-time = "2024-01-26T18:52:20.016Z" },
    { url = "https://files.pythonhosted.org/packages/10/b5/17ee4cc87f4415c28cd3b77df2dd58ce548d5033545faea2bc1a9b3e6b50/coverage-7.4.1-cp311-cp311-musllinux_1_1_aarch64.whl", hash = "sha256:6b00e21f86598b6330f0019b40fb397e705135040dbedc2ca9a93c7441178e74", size = 246920, upload-time = "2024-01-26T18:52:21.773Z" },
    { url = "https://files.pythonhosted.org/packages/cb/0f/93a0ffe448b16e713f50b968733cfc590adb70878b14290718e6471ae6fa/coverage-7.4.1-cp311-cp311-musllinux_1_1_i686.whl", hash = "sha256:536d609c6963c50055bab766d9951b6c394759190d03311f3e9fcf194ca909e1", size = 245300, upload-time = "2024-01-26T18:52:24.213Z" },
    { url = "https://files.pythonhosted.org/packages/8e/d5/af7155aa1a6d8496c4436b45c9330dc7b26d962a154054359e2cf6055ed6/coverage-7.4.1-cp311-cp311-musllinux_1_1_x86_64.whl", hash = "sha256:7ac8f8eb153724f84885a1374999b7e45734bf93a87d8df1e7ce2146860edef6", size = 246381, upload-time = "2024-01-26T18:52:26.073Z" },
    { url = "https://files.pythonhosted.org/packages/73/bb/9103f1b3f74c64187e05f6d2bb5a9ab2d093be3622efbd2a6efa5bd43d08/coverage-7.4.1-cp311-cp311-win32.whl", hash = "sha256:f3771b23bb3675a06f5d885c3630b1d01ea6cac9e84a01aaf5508706dba546c5", size = 208827, upload-time = "2024-01-26T18:52:28.777Z" },
    { url = "https://files.pythonhosted.org/packages/95/2d/942c21494711505c20fc05ef11ec47ac49fe86dd5242123dbd5a0d0a92c0/coverage-7.4.1-cp311-cp311-win_amd64.whl", hash = "sha256:9d2f9d4cc2a53b38cabc2d6d80f7f9b7e3da26b2f53d48f05876fef7956b6968", size = 209839, upload-time = "2024-01-26T18:52:31.246Z" },
    { url = "https://files.pythonhosted.org/packages/37/34/2089e0b24759a207184b41a4e4b4af7004282a5b3a93bb408c2fa19b9b16/coverage-7.4.1-cp312-cp312-macosx_10_9_x86_64.whl", hash = "sha256:f68ef3660677e6624c8cace943e4765545f8191313a07288a53d3da188bd8581", size = 206599, upload-time = "2024-01-26T18:52:33.091Z" },
    { url = "https://files.pythonhosted.org/packages/de/37/4f3eb8e6f4be39eeca4318e3c2ef10e954e86871a68b0e71f004835d6a30/coverage-7.4.1-cp312-cp312-macosx_11_0_arm64.whl", hash = "sha256:23b27b8a698e749b61809fb637eb98ebf0e505710ec46a8aa6f1be7dc0dc43a6", size = 206764, upload-time = "2024-01-26T18:52:35.449Z" },
    { url = "https://files.pythonhosted.org/packages/10/97/ca7dec2d9a1262bc0dbfb757989444fec8cde908083b15fb3339210aa7b8/coverage-7.4.1-cp312-cp312-manylinux_2_17_aarch64.manylinux2014_aarch64.whl", hash = "sha256:3e3424c554391dc9ef4a92ad28665756566a28fecf47308f91841f6c49288e66", size = 239435, upload-time = "2024-01-26T18:52:37.816Z" },
    { url = "https://files.pythonhosted.org/packages/d7/95/5f7e7f7d46d671d1b81e36ef6439798645ed042c1ffd116ded89897b254d/coverage-7.4.1-cp312-cp312-manylinux_2_5_i686.manylinux1_i686.manylinux_2_17_i686.manylinux2014_i686.whl", hash = "sha256:e0860a348bf7004c812c8368d1fc7f77fe8e4c095d661a579196a9533778e156", size = 236803, upload-time = "2024-01-26T18:52:39.777Z" },
    { url = "https://files.pythonhosted.org/packages/c3/92/f2d89715c3397e76fe365b1ecbb861d1279ff8d47d23635040a358bc75dc/coverage-7.4.1-cp312-cp312-manylinux_2_5_x86_64.manylinux1_x86_64.manylinux_2_17_x86_64.manylinux2014_x86_64.whl", hash = "sha256:fe558371c1bdf3b8fa03e097c523fb9645b8730399c14fe7721ee9c9e2a545d3", size = 238735, upload-time = "2024-01-26T18:52:42.372Z" },
    { url = "https://files.pythonhosted.org/packages/07/c8/a0f6a2fe09bcada89661eca3c79ee71ad33acfa2ee141b4e300a7281563d/coverage-7.4.1-cp312-cp312-musllinux_1_1_aarch64.whl", hash = "sha256:3468cc8720402af37b6c6e7e2a9cdb9f6c16c728638a2ebc768ba1ef6f26c3a1", size = 245675, upload-time = "2024-01-26T18:52:44.22Z" },
    { url = "https://files.pythonhosted.org/packages/a9/59/fd1a59a55e6b99b72e77e20933185bacaf3cd35a3729cba8465af1e1cdbe/coverage-7.4.1-cp312-cp312-musllinux_1_1_i686.whl", hash = "sha256:02f2edb575d62172aa28fe00efe821ae31f25dc3d589055b3fb64d51e52e4ab1", size = 243577, upload-time = "2024-01-26T18:52:46.041Z" },
    { url = "https://files.pythonhosted.org/packages/f1/a3/77220a6212f874ccb0b32e36de5803b379a7a3ee95c2b3cded1e1c78c683/coverage-7.4.1-cp312-cp312-musllinux_1_1_x86_64.whl", hash = "sha256:ca6e61dc52f601d1d224526360cdeab0d0712ec104a2ce6cc5ccef6ed9a233bc", size = 245318, upload-time = "2024-01-26T18:52:48.538Z" },
    { url = "https://files.pythonhosted.org/packages/cc/1a/8a4e73e3d45e9500534d13f19ac9a86d52badbe22719a0d4c2dc23c5036b/coverage-7.4.1-cp312-cp312-win32.whl", hash = "sha256:ca7b26a5e456a843b9b6683eada193fc1f65c761b3a473941efe5a291f604c74", size = 209121, upload-time = "2024-01-26T18:52:51.337Z" },
    { url = "https://files.pythonhosted.org/packages/37/8b/41ff7b01b18fac13af654b9c398b4c3cf40ae19f02e9633ea49898799f85/coverage-7.4.1-cp312-cp312-win_amd64.whl", hash = "sha256:85ccc5fa54c2ed64bd91ed3b4a627b9cce04646a659512a051fa82a92c04a448", size = 210000, upload-time = "2024-01-26T18:52:53.776Z" },
    { url = "https://files.pythonhosted.org/packages/65/b7/0c855c523d0e979ae43480cee806cae09ee0dbbd0b7c6fed9f9d50318b18/coverage-7.4.1-pp38.pp39.pp310-none-any.whl", hash = "sha256:32a8d985462e37cfdab611a6f95b09d7c091d07668fdc26e47a725ee575fe166", size = 198894, upload-time = "2024-01-26T18:53:38.604Z" },
]

[[package]]
name = "exceptiongroup"
version = "1.2.0"
source = { registry = "https://pypi.org/simple" }
sdist = { url = "https://files.pythonhosted.org/packages/8e/1c/beef724eaf5b01bb44b6338c8c3494eff7cab376fab4904cfbbc3585dc79/exceptiongroup-1.2.0.tar.gz", hash = "sha256:91f5c769735f051a4290d52edd0858999b57e5876e9f85937691bd4c9fa3ed68", size = 26264, upload-time = "2023-11-21T08:42:17.407Z" }
wheels = [
    { url = "https://files.pythonhosted.org/packages/b8/9a/5028fd52db10e600f1c4674441b968cf2ea4959085bfb5b99fb1250e5f68/exceptiongroup-1.2.0-py3-none-any.whl", hash = "sha256:4bfd3996ac73b41e9b9628b04e079f193850720ea5945fc96a08633c66912f14", size = 16210, upload-time = "2023-11-21T08:42:15.525Z" },
]

[[package]]
name = "execnet"
version = "2.0.2"
source = { registry = "https://pypi.org/simple" }
sdist = { url = "https://files.pythonhosted.org/packages/e4/c8/d382dc7a1e68a165f4a4ab612a08b20d8534a7d20cc590630b734ca0c54b/execnet-2.0.2.tar.gz", hash = "sha256:cc59bc4423742fd71ad227122eb0dd44db51efb3dc4095b45ac9a08c770096af", size = 161098, upload-time = "2023-07-09T17:14:03.468Z" }
wheels = [
    { url = "https://files.pythonhosted.org/packages/e8/9c/a079946da30fac4924d92dbc617e5367d454954494cf1e71567bcc4e00ee/execnet-2.0.2-py3-none-any.whl", hash = "sha256:88256416ae766bc9e8895c76a87928c0012183da3cc4fc18016e6f050e025f41", size = 37097, upload-time = "2023-07-09T17:14:01.888Z" },
]

[[package]]
name = "gitz"
version = "1.8.0"
source = { editable = "." }
dependencies = [
    { name = "coverage" },
]

[package.dev-dependencies]
dev = [
    { name = "asciinema" },
    { name = "coverage" },
    { name = "impall" },
    { name = "pytest" },
    { name = "pytest-xdist" },
    { name = "pyupgrade" },
    { name = "ruff" },
    { name = "safer" },
    { name = "termtosvg" },
    { name = "ty" },
]

[package.metadata]
requires-dist = [{ name = "coverage", specifier = ">=7.3.2,<8" }]

[package.metadata.requires-dev]
dev = [
    { name = "asciinema", specifier = ">=2.2.0,<3" },
    { name = "coverage", specifier = ">=7.4.1" },
    { name = "impall", specifier = ">=1.1.1,<2" },
    { name = "pytest", specifier = ">=7.2.0,<8" },
    { name = "pytest-xdist", specifier = ">=3.0.2,<4" },
    { name = "pyupgrade", specifier = ">=3.21.2" },
    { name = "ruff", specifier = ">=0.14.14" },
    { name = "safer", specifier = ">=4.4.1,<5" },
    { name = "termtosvg", specifier = ">=1.1.0,<2" },
    { name = "ty", specifier = ">=0.0.14" },
]

[[package]]
name = "impall"
version = "1.5.3"
source = { registry = "https://pypi.org/simple" }
sdist = { url = "https://files.pythonhosted.org/packages/bc/d2/73d301539dfb398c3ccba94e2ff3812bfb1b87f62be1024173ecc6e12b01/impall-1.5.3.tar.gz", hash = "sha256:58d420ac9070db04a15ea39d75dddf2ab8cd3fd340a1d23bf9a4187184dab9ee", size = 5764, upload-time = "2024-01-25T13:24:46.235Z" }
wheels = [
    { url = "https://files.pythonhosted.org/packages/96/8f/5feffe82d861c57b89a2482019883a4fb982158f3cd56c75ce085c2fe743/impall-1.5.3-py3-none-any.whl", hash = "sha256:c3c8b1e7b13ba547f9073309acd6388242c7cace49b27f9f05caff04ad02baf0", size = 7029, upload-time = "2024-01-25T13:24:44.965Z" },
]

[[package]]
name = "iniconfig"
version = "2.0.0"
source = { registry = "https://pypi.org/simple" }
sdist = { url = "https://files.pythonhosted.org/packages/d7/4b/cbd8e699e64a6f16ca3a8220661b5f83792b3017d0f79807cb8708d33913/iniconfig-2.0.0.tar.gz", hash = "sha256:2d91e135bf72d31a410b17c16da610a82cb55f6b0477d1a902134b24a455b8b3", size = 4646, upload-time = "2023-01-07T11:08:11.254Z" }
wheels = [
    { url = "https://files.pythonhosted.org/packages/ef/a6/62565a6e1cf69e10f5727360368e451d4b7f58beeac6173dc9db836a5b46/iniconfig-2.0.0-py3-none-any.whl", hash = "sha256:b6a85871a79d2e3b22d2d1b94ac2824226a63c6b741c88f7ae975f18b6778374", size = 5892, upload-time = "2023-01-07T11:08:09.864Z" },
]

[[package]]
name = "lxml"
version = "5.1.0"
source = { registry = "https://pypi.org/simple" }
sdist = { url = "https://files.pythonhosted.org/packages/2b/b4/bbccb250adbee490553b6a52712c46c20ea1ba533a643f1424b27ffc6845/lxml-5.1.0.tar.gz", hash = "sha256:3eea6ed6e6c918e468e693c41ef07f3c3acc310b70ddd9cc72d9ef84bc9564ca", size = 3839638, upload-time = "2024-01-08T08:33:30.942Z" }
wheels = [
    { url = "https://files.pythonhosted.org/packages/f4/41/ad10a1254dabc6faf4703378d7b0d3422f46d3a948229cce2eab0f60348a/lxml-5.1.0-cp310-cp310-macosx_10_9_universal2.whl", hash = "sha256:704f5572ff473a5f897745abebc6df40f22d4133c1e0a1f124e4f2bd3330ff7e", size = 8740492, upload-time = "2024-01-10T13:57:02.159Z" },
    { url = "https://files.pythonhosted.org/packages/69/9e/a987c4f9a4353247bda41ae9a041c991ede5b2676d3e49474ffa47d07c9b/lxml-5.1.0-cp310-cp310-macosx_10_9_x86_64.whl", hash = "sha256:9d3c0f8567ffe7502d969c2c1b809892dc793b5d0665f602aad19895f8d508da", size = 4742036, upload-time = "2024-01-08T08:28:54.615Z" },
    { url = "https://files.pythonhosted.org/packages/d4/ff/a34b723437415abc35b7c4e14ba8a9f7afe971b530dddd091ffe179bc1d8/lxml-5.1.0-cp310-cp310-macosx_11_0_arm64.whl", hash = "sha256:5fcfbebdb0c5d8d18b84118842f31965d59ee3e66996ac842e21f957eb76138c", size = 4509385, upload-time = "2024-01-08T08:28:59.557Z" },
    { url = "https://files.pythonhosted.org/packages/49/f8/4b3fed329c9d6ab17dc3e336638da1c4382444951a0422fcf11a693fa750/lxml-5.1.0-cp310-cp310-manylinux_2_12_i686.manylinux2010_i686.manylinux_2_17_i686.manylinux2014_i686.whl", hash = "sha256:2f37c6d7106a9d6f0708d4e164b707037b7380fcd0b04c5bd9cae1fb46a856fb", size = 8120266, upload-time = "2024-01-08T08:29:04.289Z" },
    { url = "https://files.pythonhosted.org/packages/12/01/a1de0f08863495af7ca6f6286a0b943eb3352e6c37fd3e4dd18fb523192c/lxml-5.1.0-cp310-cp310-manylinux_2_17_aarch64.manylinux2014_aarch64.whl", hash = "sha256:2befa20a13f1a75c751f47e00929fb3433d67eb9923c2c0b364de449121f447c", size = 7804055, upload-time = "2024-01-08T08:29:08.857Z" },
    { url = "https://files.pythonhosted.org/packages/25/5c/979167df4ca5a1c308105bb1590412c54bd1b0baa1883212f39cb42d4fcd/lxml-5.1.0-cp310-cp310-manylinux_2_17_x86_64.manylinux2014_x86_64.whl", hash = "sha256:22b7ee4c35f374e2c20337a95502057964d7e35b996b1c667b5c65c567d2252a", size = 8009508, upload-time = "2024-01-08T08:29:13.372Z" },
    { url = "https://files.pythonhosted.org/packages/f2/40/66f59e7334cc375b60be2a64ade0715f2ff85db6d540c07459454b5741ff/lxml-5.1.0-cp310-cp310-musllinux_1_1_aarch64.whl", hash = "sha256:bf8443781533b8d37b295016a4b53c1494fa9a03573c09ca5104550c138d5c05", size = 7617521, upload-time = "2024-01-08T08:29:17.951Z" },
    { url = "https://files.pythonhosted.org/packages/1b/94/27325d86e1beaf4e3dd10fc5021ef0cb052f1afe79d8bdf501c1a55e9ade/lxml-5.1.0-cp310-cp310-musllinux_1_1_x86_64.whl", hash = "sha256:82bddf0e72cb2af3cbba7cec1d2fd11fda0de6be8f4492223d4a268713ef2147", size = 7794730, upload-time = "2024-01-08T08:29:22.681Z" },
    { url = "https://files.pythonhosted.org/packages/99/9f/b2f0a36f38734c8208a07500dd7f10b1dbf0fa72f5bf59e2ccde206c5cbe/lxml-5.1.0-cp310-cp310-win32.whl", hash = "sha256:b66aa6357b265670bb574f050ffceefb98549c721cf28351b748be1ef9577d93", size = 3562584, upload-time = "2024-01-08T08:29:26.3Z" },
    { url = "https://files.pythonhosted.org/packages/dc/3d/53c664318c9ab5bfbe9b9b3b6be0d04a2fa161f4cd35d731d27a0f754253/lxml-5.1.0-cp310-cp310-win_amd64.whl", hash = "sha256:4946e7f59b7b6a9e27bef34422f645e9a368cb2be11bf1ef3cafc39a1f6ba68d", size = 3904251, upload-time = "2024-01-08T08:29:28.947Z" },
    { url = "https://files.pythonhosted.org/packages/78/c7/49a3d5a2242ccd99e820c193cbb59caa5ba0f31c635238f1b65d78e4166c/lxml-5.1.0-cp311-cp311-macosx_10_9_universal2.whl", hash = "sha256:14deca1460b4b0f6b01f1ddc9557704e8b365f55c63070463f6c18619ebf964f", size = 8747739, upload-time = "2024-01-10T13:57:08.517Z" },
    { url = "https://files.pythonhosted.org/packages/f9/dc/9819d678570f5f348de134b54b93fcf52584d7afff875cd7122117932f53/lxml-5.1.0-cp311-cp311-macosx_10_9_x86_64.whl", hash = "sha256:ed8c3d2cd329bf779b7ed38db176738f3f8be637bb395ce9629fc76f78afe3d4", size = 4746429, upload-time = "2024-01-08T08:29:31.919Z" },
    { url = "https://files.pythonhosted.org/packages/bc/7e/4c66526e9b4f9c46afd7b2fef4482857d38752f2ee7cbb218816c5468251/lxml-5.1.0-cp311-cp311-macosx_11_0_arm64.whl", hash = "sha256:436a943c2900bb98123b06437cdd30580a61340fbdb7b28aaf345a459c19046a", size = 4513569, upload-time = "2024-01-08T08:29:36.752Z" },
    { url = "https://files.pythonhosted.org/packages/ad/9b/422a58938cab0b855bdc708d37a645a980734042d468550071462b9ea57b/lxml-5.1.0-cp311-cp311-manylinux_2_12_i686.manylinux2010_i686.manylinux_2_17_i686.manylinux2014_i686.whl", hash = "sha256:acb6b2f96f60f70e7f34efe0c3ea34ca63f19ca63ce90019c6cbca6b676e81fa", size = 8234111, upload-time = "2024-01-08T08:29:41.287Z" },
    { url = "https://files.pythonhosted.org/packages/f9/cf/d56019b06cde5ea5cbc7b984ccb7da1620bc132287b7ada6e86fed6f89a0/lxml-5.1.0-cp311-cp311-manylinux_2_17_aarch64.manylinux2014_aarch64.whl", hash = "sha256:af8920ce4a55ff41167ddbc20077f5698c2e710ad3353d32a07d3264f3a2021e", size = 7908273, upload-time = "2024-01-08T08:29:45.106Z" },
    { url = "https://files.pythonhosted.org/packages/1f/09/df0101e6d7be06fca545c0f7417d03d69679ff280d892a406469086780a4/lxml-5.1.0-cp311-cp311-manylinux_2_17_x86_64.manylinux2014_x86_64.whl", hash = "sha256:7cfced4a069003d8913408e10ca8ed092c49a7f6cefee9bb74b6b3e860683b45", size = 8112799, upload-time = "2024-01-08T08:29:48.875Z" },
    { url = "https://files.pythonhosted.org/packages/ce/fa/fa0366c08a061592d4dde52c7952a8b122135f0ac29762163e898b6f2dc1/lxml-5.1.0-cp311-cp311-musllinux_1_1_aarch64.whl", hash = "sha256:9e5ac3437746189a9b4121db2a7b86056ac8786b12e88838696899328fc44bb2", size = 7755628, upload-time = "2024-01-08T08:29:53.257Z" },
    { url = "https://files.pythonhosted.org/packages/14/60/8a188be2c9acf3d4c4168a16e3500cf1f1fe3cbd490895127251cb542b0b/lxml-5.1.0-cp311-cp311-musllinux_1_1_x86_64.whl", hash = "sha256:f4c9bda132ad108b387c33fabfea47866af87f4ea6ffb79418004f0521e63204", size = 7935419, upload-time = "2024-01-08T08:29:57.707Z" },
    { url = "https://files.pythonhosted.org/packages/fe/71/700f9baa762fee6dd63db8b16d78aeb4fc27aa2866c7b1c69c93c1e715e9/lxml-5.1.0-cp311-cp311-win32.whl", hash = "sha256:bc64d1b1dab08f679fb89c368f4c05693f58a9faf744c4d390d7ed1d8223869b", size = 3559731, upload-time = "2024-01-08T08:30:00.852Z" },
    { url = "https://files.pythonhosted.org/packages/5b/d6/e794d996dec76b773691af78390fe2f419ab7cb5b78a4df982e21ae655b7/lxml-5.1.0-cp311-cp311-win_amd64.whl", hash = "sha256:a5ab722ae5a873d8dcee1f5f45ddd93c34210aed44ff2dc643b5025981908cda", size = 3912792, upload-time = "2024-01-08T08:30:04.499Z" },
    { url = "https://files.pythonhosted.org/packages/f9/8c/faab484c22459bd777cccc36905e3e98d2a128f0f66ef447a621e8858b92/lxml-5.1.0-cp312-cp312-macosx_10_9_universal2.whl", hash = "sha256:9aa543980ab1fbf1720969af1d99095a548ea42e00361e727c58a40832439114", size = 8777117, upload-time = "2024-01-10T13:57:13.914Z" },
    { url = "https://files.pythonhosted.org/packages/53/c0/bac6130e2edfe32211e6c99280dc0e1b1eabf0591948c1aa8a8e7c7172c6/lxml-5.1.0-cp312-cp312-macosx_10_9_x86_64.whl", hash = "sha256:6f11b77ec0979f7e4dc5ae081325a2946f1fe424148d3945f943ceaede98adb8", size = 4761459, upload-time = "2024-01-08T08:30:09.03Z" },
    { url = "https://files.pythonhosted.org/packages/56/75/aa934ccbc158d181dcdc32e087a0c37d437f39466489ee395a7aa44e4884/lxml-5.1.0-cp312-cp312-macosx_11_0_arm64.whl", hash = "sha256:a36c506e5f8aeb40680491d39ed94670487ce6614b9d27cabe45d94cd5d63e1e", size = 4526167, upload-time = "2024-01-08T08:30:12.863Z" },
    { url = "https://files.pythonhosted.org/packages/5e/75/6646eba09a0660715ae1b10ae59e9c72518fbd3921fbadeada081a6ba1fc/lxml-5.1.0-cp312-cp312-manylinux_2_12_i686.manylinux2010_i686.manylinux_2_17_i686.manylinux2014_i686.whl", hash = "sha256:f643ffd2669ffd4b5a3e9b41c909b72b2a1d5e4915da90a77e119b8d48ce867a", size = 8299397, upload-time = "2024-01-08T08:30:16.6Z" },
    { url = "https://files.pythonhosted.org/packages/b3/0c/57298a0a8b47c62d9722d99ae1f6f27a976ccc1fea34ed54bdaea7d7a983/lxml-5.1.0-cp312-cp312-manylinux_2_17_aarch64.manylinux2014_aarch64.whl", hash = "sha256:16dd953fb719f0ffc5bc067428fc9e88f599e15723a85618c45847c96f11f431", size = 7812489, upload-time = "2024-01-08T08:30:20.365Z" },
    { url = "https://files.pythonhosted.org/packages/07/a2/fdb226e6aca18b7448caa5b6551b80df14460c8df38aaad87bab58fbbb17/lxml-5.1.0-cp312-cp312-manylinux_2_17_x86_64.manylinux2014_x86_64.whl", hash = "sha256:16018f7099245157564d7148165132c70adb272fb5a17c048ba70d9cc542a1a1", size = 8111967, upload-time = "2024-01-08T08:30:24.108Z" },
    { url = "https://files.pythonhosted.org/packages/c3/19/b7644b40df5d04e76de550a50d0251ee5efebd18f7cf65675ecfc020a8f5/lxml-5.1.0-cp312-cp312-musllinux_1_1_aarch64.whl", hash = "sha256:82cd34f1081ae4ea2ede3d52f71b7be313756e99b4b5f829f89b12da552d3aa3", size = 7680287, upload-time = "2024-01-08T08:30:28.661Z" },
    { url = "https://files.pythonhosted.org/packages/e8/6e/0a6fb288b02e3f10e7090958d99e43cc2a373aceb401362ec083e4298029/lxml-5.1.0-cp312-cp312-musllinux_1_1_x86_64.whl", hash = "sha256:19a1bc898ae9f06bccb7c3e1dfd73897ecbbd2c96afe9095a6026016e5ca97b8", size = 7950438, upload-time = "2024-01-08T08:30:33.358Z" },
    { url = "https://files.pythonhosted.org/packages/e7/a9/44cbee712b0e371dff08eb3f98d3a6415848bea5ab40ce0e5ff059d88c44/lxml-5.1.0-cp312-cp312-win32.whl", hash = "sha256:13521a321a25c641b9ea127ef478b580b5ec82aa2e9fc076c86169d161798b01", size = 3570322, upload-time = "2024-01-08T08:30:36.261Z" },
    { url = "https://files.pythonhosted.org/packages/02/59/e1fbe2514d8ab39977b72e77f98d0fa49772f61e938049baf151b307a4f0/lxml-5.1.0-cp312-cp312-win_amd64.whl", hash = "sha256:1ad17c20e3666c035db502c78b86e58ff6b5991906e55bdbef94977700c72623", size = 3911611, upload-time = "2024-01-08T08:30:39.926Z" },
    { url = "https://files.pythonhosted.org/packages/4b/50/ecf8b92bb898616b5dc8c41cca06c382f1db2dd8a9609784779e742ca4ed/lxml-5.1.0-pp310-pypy310_pp73-macosx_10_9_x86_64.whl", hash = "sha256:9bd0ae7cc2b85320abd5e0abad5ccee5564ed5f0cc90245d2f9a8ef330a8deae", size = 4078767, upload-time = "2024-01-08T08:32:49.051Z" },
    { url = "https://files.pythonhosted.org/packages/01/5e/168e0bb31ca6755f1d0567d98a58db161ddbc81c723247349890950c44a7/lxml-5.1.0-pp310-pypy310_pp73-manylinux_2_17_x86_64.manylinux2014_x86_64.whl", hash = "sha256:d8c1d679df4361408b628f42b26a5d62bd3e9ba7f0c0e7969f925021554755aa", size = 6446363, upload-time = "2024-01-08T08:32:53.108Z" },
    { url = "https://files.pythonhosted.org/packages/8a/20/e8419769eb13796bdc2a7c6701d714f81af4d018b49801b3502d93e187f5/lxml-5.1.0-pp310-pypy310_pp73-win_amd64.whl", hash = "sha256:2ad3a8ce9e8a767131061a22cd28fdffa3cd2dc193f399ff7b81777f3520e372", size = 3498964, upload-time = "2024-01-08T08:32:56.202Z" },
]

[[package]]
name = "packaging"
version = "23.2"
source = { registry = "https://pypi.org/simple" }
sdist = { url = "https://files.pythonhosted.org/packages/fb/2b/9b9c33ffed44ee921d0967086d653047286054117d584f1b1a7c22ceaf7b/packaging-23.2.tar.gz", hash = "sha256:048fb0e9405036518eaaf48a55953c750c11e1a1b68e0dd1a9d62ed0c092cfc5", size = 146714, upload-time = "2023-10-01T13:50:05.279Z" }
wheels = [
    { url = "https://files.pythonhosted.org/packages/ec/1a/610693ac4ee14fcdf2d9bf3c493370e4f2ef7ae2e19217d7a237ff42367d/packaging-23.2-py3-none-any.whl", hash = "sha256:8c491190033a9af7e1d931d0b5dacc2ef47509b34dd0de67ed209b5203fc88c7", size = 53011, upload-time = "2023-10-01T13:50:03.745Z" },
]

[[package]]
name = "pluggy"
version = "1.4.0"
source = { registry = "https://pypi.org/simple" }
sdist = { url = "https://files.pythonhosted.org/packages/54/c6/43f9d44d92aed815e781ca25ba8c174257e27253a94630d21be8725a2b59/pluggy-1.4.0.tar.gz", hash = "sha256:8c85c2876142a764e5b7548e7d9a0e0ddb46f5185161049a79b7e974454223be", size = 65812, upload-time = "2024-01-24T13:45:15.875Z" }
wheels = [
    { url = "https://files.pythonhosted.org/packages/a5/5b/0cc789b59e8cc1bf288b38111d002d8c5917123194d45b29dcdac64723cc/pluggy-1.4.0-py3-none-any.whl", hash = "sha256:7db9f7b503d67d1c5b95f59773ebb58a8c1c288129a88665838012cfb07b8981", size = 20120, upload-time = "2024-01-24T13:45:14.227Z" },
]

[[package]]
name = "pyte"
version = "0.8.2"
source = { registry = "https://pypi.org/simple" }
dependencies = [
    { name = "wcwidth" },
]
sdist = { url = "https://files.pythonhosted.org/packages/ab/ab/b599762933eba04de7dc5b31ae083112a6c9a9db15b01d3109ad797559d9/pyte-0.8.2.tar.gz", hash = "sha256:5af970e843fa96a97149d64e170c984721f20e52227a2f57f0a54207f08f083f", size = 92301, upload-time = "2023-11-12T09:33:43.217Z" }
wheels = [
    { url = "https://files.pythonhosted.org/packages/59/d0/bb522283b90853afbf506cd5b71c650cf708829914efd0003d615cf426cd/pyte-0.8.2-py3-none-any.whl", hash = "sha256:85db42a35798a5aafa96ac4d8da78b090b2c933248819157fc0e6f78876a0135", size = 31627, upload-time = "2023-11-12T09:33:41.096Z" },
]

[[package]]
name = "pytest"
version = "7.4.4"
source = { registry = "https://pypi.org/simple" }
dependencies = [
    { name = "colorama", marker = "sys_platform == 'win32'" },
    { name = "exceptiongroup", marker = "python_full_version < '3.11'" },
    { name = "iniconfig" },
    { name = "packaging" },
    { name = "pluggy" },
    { name = "tomli", marker = "python_full_version < '3.11'" },
]
sdist = { url = "https://files.pythonhosted.org/packages/80/1f/9d8e98e4133ffb16c90f3b405c43e38d3abb715bb5d7a63a5a684f7e46a3/pytest-7.4.4.tar.gz", hash = "sha256:2cf0005922c6ace4a3e2ec8b4080eb0d9753fdc93107415332f50ce9e7994280", size = 1357116, upload-time = "2023-12-31T12:00:18.035Z" }
wheels = [
    { url = "https://files.pythonhosted.org/packages/51/ff/f6e8b8f39e08547faece4bd80f89d5a8de68a38b2d179cc1c4490ffa3286/pytest-7.4.4-py3-none-any.whl", hash = "sha256:b090cdf5ed60bf4c45261be03239c2c1c22df034fbffe691abe93cd80cea01d8", size = 325287, upload-time = "2023-12-31T12:00:13.963Z" },
]

[[package]]
name = "pytest-xdist"
version = "3.5.0"
source = { registry = "https://pypi.org/simple" }
dependencies = [
    { name = "execnet" },
    { name = "pytest" },
]
sdist = { url = "https://files.pythonhosted.org/packages/b3/f4/ac9c4ccbc5984ebc3bef6dbdbcdaf553a1aae07c08e63b8b25a6239ecc45/pytest-xdist-3.5.0.tar.gz", hash = "sha256:cbb36f3d67e0c478baa57fa4edc8843887e0f6cfc42d677530a36d7472b32d8a", size = 78977, upload-time = "2023-11-21T15:21:15.305Z" }
wheels = [
    { url = "https://files.pythonhosted.org/packages/50/37/125fe5ec459321e2d48a0c38672cfc2419ad87d580196fd894e5f25230b0/pytest_xdist-3.5.0-py3-none-any.whl", hash = "sha256:d075629c7e00b611df89f490a5063944bee7a4362a5ff11c7cc7824a03dfce24", size = 42017, upload-time = "2023-11-21T15:21:13.278Z" },
]

[[package]]
name = "pyupgrade"
version = "3.21.2"
source = { registry = "https://pypi.org/simple" }
dependencies = [
    { name = "tokenize-rt" },
]
sdist = { url = "https://files.pythonhosted.org/packages/7f/a1/dc63caaeed232b1c58eae1b7a75f262d64ab8435882f696ffa9b58c0c415/pyupgrade-3.21.2.tar.gz", hash = "sha256:1a361bea39deda78d1460f65d9dd548d3a36ff8171d2482298539b9dc11c9c06", size = 45455, upload-time = "2025-11-19T00:39:48.012Z" }
wheels = [
    { url = "https://files.pythonhosted.org/packages/16/8c/433dac11910989a90c40b10149d07ef7224232236971a562d3976790ec53/pyupgrade-3.21.2-py2.py3-none-any.whl", hash = "sha256:2ac7b95cbd176475041e4dfe8ef81298bd4654a244f957167bd68af37d52be9f", size = 62814, upload-time = "2025-11-19T00:39:46.958Z" },
]

[[package]]
name = "ruff"
version = "0.14.14"
source = { registry = "https://pypi.org/simple" }
sdist = { url = "https://files.pythonhosted.org/packages/2e/06/f71e3a86b2df0dfa2d2f72195941cd09b44f87711cb7fa5193732cb9a5fc/ruff-0.14.14.tar.gz", hash = "sha256:2d0f819c9a90205f3a867dbbd0be083bee9912e170fd7d9704cc8ae45824896b", size = 4515732, upload-time = "2026-01-22T22:30:17.527Z" }
wheels = [
    { url = "https://files.pythonhosted.org/packages/d2/89/20a12e97bc6b9f9f68343952da08a8099c57237aef953a56b82711d55edd/ruff-0.14.14-py3-none-linux_armv6l.whl", hash = "sha256:7cfe36b56e8489dee8fbc777c61959f60ec0f1f11817e8f2415f429552846aed", size = 10467650, upload-time = "2026-01-22T22:30:08.578Z" },
    { url = "https://files.pythonhosted.org/packages/a3/b1/c5de3fd2d5a831fcae21beda5e3589c0ba67eec8202e992388e4b17a6040/ruff-0.14.14-py3-none-macosx_10_12_x86_64.whl", hash = "sha256:6006a0082336e7920b9573ef8a7f52eec837add1265cc74e04ea8a4368cd704c", size = 10883245, upload-time = "2026-01-22T22:30:04.155Z" },
    { url = "https://files.pythonhosted.org/packages/b8/7c/3c1db59a10e7490f8f6f8559d1db8636cbb13dccebf18686f4e3c9d7c772/ruff-0.14.14-py3-none-macosx_11_0_arm64.whl", hash = "sha256:026c1d25996818f0bf498636686199d9bd0d9d6341c9c2c3b62e2a0198b758de", size = 10231273, upload-time = "2026-01-22T22:30:34.642Z" },
    { url = "https://files.pythonhosted.org/packages/a1/6e/5e0e0d9674be0f8581d1f5e0f0a04761203affce3232c1a1189d0e3b4dad/ruff-0.14.14-py3-none-manylinux_2_17_aarch64.manylinux2014_aarch64.whl", hash = "sha256:f666445819d31210b71e0a6d1c01e24447a20b85458eea25a25fe8142210ae0e", size = 10585753, upload-time = "2026-01-22T22:30:31.781Z" },
    { url = "https://files.pythonhosted.org/packages/23/09/754ab09f46ff1884d422dc26d59ba18b4e5d355be147721bb2518aa2a014/ruff-0.14.14-py3-none-manylinux_2_17_armv7l.manylinux2014_armv7l.whl", hash = "sha256:3c0f18b922c6d2ff9a5e6c3ee16259adc513ca775bcf82c67ebab7cbd9da5bc8", size = 10286052, upload-time = "2026-01-22T22:30:24.827Z" },
    { url = "https://files.pythonhosted.org/packages/c8/cc/e71f88dd2a12afb5f50733851729d6b571a7c3a35bfdb16c3035132675a0/ruff-0.14.14-py3-none-manylinux_2_17_i686.manylinux2014_i686.whl", hash = "sha256:1629e67489c2dea43e8658c3dba659edbfd87361624b4040d1df04c9740ae906", size = 11043637, upload-time = "2026-01-22T22:30:13.239Z" },
    { url = "https://files.pythonhosted.org/packages/67/b2/397245026352494497dac935d7f00f1468c03a23a0c5db6ad8fc49ca3fb2/ruff-0.14.14-py3-none-manylinux_2_17_ppc64.manylinux2014_ppc64.whl", hash = "sha256:27493a2131ea0f899057d49d303e4292b2cae2bb57253c1ed1f256fbcd1da480", size = 12194761, upload-time = "2026-01-22T22:30:22.542Z" },
    { url = "https://files.pythonhosted.org/packages/5b/06/06ef271459f778323112c51b7587ce85230785cd64e91772034ddb88f200/ruff-0.14.14-py3-none-manylinux_2_17_ppc64le.manylinux2014_ppc64le.whl", hash = "sha256:01ff589aab3f5b539e35db38425da31a57521efd1e4ad1ae08fc34dbe30bd7df", size = 12005701, upload-time = "2026-01-22T22:30:20.499Z" },
    { url = "https://files.pythonhosted.org/packages/41/d6/99364514541cf811ccc5ac44362f88df66373e9fec1b9d1c4cc830593fe7/ruff-0.14.14-py3-none-manylinux_2_17_s390x.manylinux2014_s390x.whl", hash = "sha256:1cc12d74eef0f29f51775f5b755913eb523546b88e2d733e1d701fe65144e89b", size = 11282455, upload-time = "2026-01-22T22:29:59.679Z" },
    { url = "https://files.pythonhosted.org/packages/ca/71/37daa46f89475f8582b7762ecd2722492df26421714a33e72ccc9a84d7a5/ruff-0.14.14-py3-none-manylinux_2_17_x86_64.manylinux2014_x86_64.whl", hash = "sha256:bb8481604b7a9e75eff53772496201690ce2687067e038b3cc31aaf16aa0b974", size = 11215882, upload-time = "2026-01-22T22:29:57.032Z" },
    { url = "https://files.pythonhosted.org/packages/2c/10/a31f86169ec91c0705e618443ee74ede0bdd94da0a57b28e72db68b2dbac/ruff-0.14.14-py3-none-manylinux_2_31_riscv64.whl", hash = "sha256:14649acb1cf7b5d2d283ebd2f58d56b75836ed8c6f329664fa91cdea19e76e66", size = 11180549, upload-time = "2026-01-22T22:30:27.175Z" },
    { url = "https://files.pythonhosted.org/packages/fd/1e/c723f20536b5163adf79bdd10c5f093414293cdf567eed9bdb7b83940f3f/ruff-0.14.14-py3-none-musllinux_1_2_aarch64.whl", hash = "sha256:e8058d2145566510790eab4e2fad186002e288dec5e0d343a92fe7b0bc1b3e13", size = 10543416, upload-time = "2026-01-22T22:30:01.964Z" },
    { url = "https://files.pythonhosted.org/packages/3e/34/8a84cea7e42c2d94ba5bde1d7a4fae164d6318f13f933d92da6d7c2041ff/ruff-0.14.14-py3-none-musllinux_1_2_armv7l.whl", hash = "sha256:e651e977a79e4c758eb807f0481d673a67ffe53cfa92209781dfa3a996cf8412", size = 10285491, upload-time = "2026-01-22T22:30:29.51Z" },
    { url = "https://files.pythonhosted.org/packages/55/ef/b7c5ea0be82518906c978e365e56a77f8de7678c8bb6651ccfbdc178c29f/ruff-0.14.14-py3-none-musllinux_1_2_i686.whl", hash = "sha256:cc8b22da8d9d6fdd844a68ae937e2a0adf9b16514e9a97cc60355e2d4b219fc3", size = 10733525, upload-time = "2026-01-22T22:30:06.499Z" },
    { url = "https://files.pythonhosted.org/packages/6a/5b/aaf1dfbcc53a2811f6cc0a1759de24e4b03e02ba8762daabd9b6bd8c59e3/ruff-0.14.14-py3-none-musllinux_1_2_x86_64.whl", hash = "sha256:16bc890fb4cc9781bb05beb5ab4cd51be9e7cb376bf1dd3580512b24eb3fda2b", size = 11315626, upload-time = "2026-01-22T22:30:36.848Z" },
    { url = "https://files.pythonhosted.org/packages/2c/aa/9f89c719c467dfaf8ad799b9bae0df494513fb21d31a6059cb5870e57e74/ruff-0.14.14-py3-none-win32.whl", hash = "sha256:b530c191970b143375b6a68e6f743800b2b786bbcf03a7965b06c4bf04568167", size = 10502442, upload-time = "2026-01-22T22:30:38.93Z" },
    { url = "https://files.pythonhosted.org/packages/87/44/90fa543014c45560cae1fffc63ea059fb3575ee6e1cb654562197e5d16fb/ruff-0.14.14-py3-none-win_amd64.whl", hash = "sha256:3dde1435e6b6fe5b66506c1dff67a421d0b7f6488d466f651c07f4cab3bf20fd", size = 11630486, upload-time = "2026-01-22T22:30:10.852Z" },
    { url = "https://files.pythonhosted.org/packages/9e/6a/40fee331a52339926a92e17ae748827270b288a35ef4a15c9c8f2ec54715/ruff-0.14.14-py3-none-win_arm64.whl", hash = "sha256:56e6981a98b13a32236a72a8da421d7839221fa308b223b9283312312e5ac76c", size = 10920448, upload-time = "2026-01-22T22:30:15.417Z" },
]

[[package]]
name = "safer"
version = "4.12.3"
source = { registry = "https://pypi.org/simple" }
sdist = { url = "https://files.pythonhosted.org/packages/ce/2a/c3335267939708bbf8d6a9bb7334b88057bdafd2a2234fbe38de169578f2/safer-4.12.3.tar.gz", hash = "sha256:264eb65b2c4efa324099054015a07917cd7b31ae03f8f04471696b474890c9c1", size = 8515, upload-time = "2024-01-15T10:21:50.869Z" }
wheels = [
    { url = "https://files.pythonhosted.org/packages/a9/0e/d6ebd4a5594750ed5ab06e76e9d652bc1058fc4b6bc7898d81d3ab04d0ea/safer-4.12.3-py3-none-any.whl", hash = "sha256:def5100a9eac29379ef7c8fac5f0232b80fbcb7915e1dcfcd35df1a282696663", size = 10504, upload-time = "2024-01-15T10:21:49.527Z" },
]

[[package]]
name = "termtosvg"
version = "1.1.0"
source = { registry = "https://pypi.org/simple" }
dependencies = [
    { name = "lxml" },
    { name = "pyte" },
    { name = "wcwidth" },
]
sdist = { url = "https://files.pythonhosted.org/packages/7b/73/94c8a5b6f53864704d5b763b0502e6d6c502db5e614d56820ab52aef1e18/termtosvg-1.1.0.tar.gz", hash = "sha256:ed38f1615d7f873e784761d1b406ac73abbd2bbf0c517362f5c2fdc1919d65ee", size = 63259, upload-time = "2020-01-18T20:09:19.466Z" }
wheels = [
    { url = "https://files.pythonhosted.org/packages/d5/a5/4742c8e051ecdd1d24234293cbe8e2bcc7bb9ccb42d547be80b31efa8ec6/termtosvg-1.1.0-py3-none-any.whl", hash = "sha256:6d9b91d5a0006968e06be2f0feaf8a1a868b8c12ff5a25326132bfbbb36f0897", size = 71620, upload-time = "2020-01-18T20:09:17.496Z" },
]

[[package]]
name = "tokenize-rt"
version = "6.2.0"
source = { registry = "https://pypi.org/simple" }
sdist = { url = "https://files.pythonhosted.org/packages/69/ed/8f07e893132d5051d86a553e749d5c89b2a4776eb3a579b72ed61f8559ca/tokenize_rt-6.2.0.tar.gz", hash = "sha256:8439c042b330c553fdbe1758e4a05c0ed460dbbbb24a606f11f0dee75da4cad6", size = 5476, upload-time = "2025-05-23T23:48:00.035Z" }
wheels = [
    { url = "https://files.pythonhosted.org/packages/33/f0/3fe8c6e69135a845f4106f2ff8b6805638d4e85c264e70114e8126689587/tokenize_rt-6.2.0-py2.py3-none-any.whl", hash = "sha256:a152bf4f249c847a66497a4a95f63376ed68ac6abf092a2f7cfb29d044ecff44", size = 6004, upload-time = "2025-05-23T23:47:58.812Z" },
]

[[package]]
name = "tomli"
version = "2.0.1"
source = { registry = "https://pypi.org/simple" }
sdist = { url = "https://files.pythonhosted.org/packages/c0/3f/d7af728f075fb08564c5949a9c95e44352e23dee646869fa104a3b2060a3/tomli-2.0.1.tar.gz", hash = "sha256:de526c12914f0c550d15924c62d72abc48d6fe7364aa87328337a31007fe8a4f", size = 15164, upload-time = "2022-02-08T10:54:04.006Z" }
wheels = [
    { url = "https://files.pythonhosted.org/packages/97/75/10a9ebee3fd790d20926a90a2547f0bf78f371b2f13aa822c759680ca7b9/tomli-2.0.1-py3-none-any.whl", hash = "sha256:939de3e7a6161af0c887ef91b7d41a53e7c5a1ca976325f429cb46ea9bc30ecc", size = 12757, upload-time = "2022-02-08T10:54:02.017Z" },
]

[[package]]
name = "ty"
version = "0.0.14"
source = { registry = "https://pypi.org/simple" }
sdist = { url = "https://files.pythonhosted.org/packages/af/57/22c3d6bf95c2229120c49ffc2f0da8d9e8823755a1c3194da56e51f1cc31/ty-0.0.14.tar.gz", hash = "sha256:a691010565f59dd7f15cf324cdcd1d9065e010c77a04f887e1ea070ba34a7de2", size = 5036573, upload-time = "2026-01-27T00:57:31.427Z" }
wheels = [
    { url = "https://files.pythonhosted.org/packages/99/cb/cc6d1d8de59beb17a41f9a614585f884ec2d95450306c173b3b7cc090d2e/ty-0.0.14-py3-none-linux_armv6l.whl", hash = "sha256:32cf2a7596e693094621d3ae568d7ee16707dce28c34d1762947874060fdddaa", size = 10034228, upload-time = "2026-01-27T00:57:53.133Z" },
    { url = "https://files.pythonhosted.org/packages/f3/96/dd42816a2075a8f31542296ae687483a8d047f86a6538dfba573223eaf9a/ty-0.0.14-py3-none-macosx_10_12_x86_64.whl", hash = "sha256:f971bf9805f49ce8c0968ad53e29624d80b970b9eb597b7cbaba25d8a18ce9a2", size = 9939162, upload-time = "2026-01-27T00:57:43.857Z" },
    { url = "https://files.pythonhosted.org/packages/ff/b4/73c4859004e0f0a9eead9ecb67021438b2e8e5fdd8d03e7f5aca77623992/ty-0.0.14-py3-none-macosx_11_0_arm64.whl", hash = "sha256:45448b9e4806423523268bc15e9208c4f3f2ead7c344f615549d2e2354d6e924", size = 9418661, upload-time = "2026-01-27T00:58:03.411Z" },
    { url = "https://files.pythonhosted.org/packages/58/35/839c4551b94613db4afa20ee555dd4f33bfa7352d5da74c5fa416ffa0fd2/ty-0.0.14-py3-none-manylinux_2_17_aarch64.manylinux2014_aarch64.whl", hash = "sha256:ee94a9b747ff40114085206bdb3205a631ef19a4d3fb89e302a88754cbbae54c", size = 9837872, upload-time = "2026-01-27T00:57:23.718Z" },
    { url = "https://files.pythonhosted.org/packages/41/2b/bbecf7e2faa20c04bebd35fc478668953ca50ee5847ce23e08acf20ea119/ty-0.0.14-py3-none-manylinux_2_17_armv7l.manylinux2014_armv7l.whl", hash = "sha256:6756715a3c33182e9ab8ffca2bb314d3c99b9c410b171736e145773ee0ae41c3", size = 9848819, upload-time = "2026-01-27T00:57:58.501Z" },
    { url = "https://files.pythonhosted.org/packages/be/60/3c0ba0f19c0f647ad9d2b5b5ac68c0f0b4dc899001bd53b3a7537fb247a2/ty-0.0.14-py3-none-manylinux_2_17_i686.manylinux2014_i686.whl", hash = "sha256:89d0038a2f698ba8b6fec5cf216a4e44e2f95e4a5095a8c0f57fe549f87087c2", size = 10324371, upload-time = "2026-01-27T00:57:29.291Z" },
    { url = "https://files.pythonhosted.org/packages/24/32/99d0a0b37d0397b0a989ffc2682493286aa3bc252b24004a6714368c2c3d/ty-0.0.14-py3-none-manylinux_2_17_ppc64le.manylinux2014_ppc64le.whl", hash = "sha256:2c64a83a2d669b77f50a4957039ca1450626fb474619f18f6f8a3eb885bf7544", size = 10865898, upload-time = "2026-01-27T00:57:33.542Z" },
    { url = "https://files.pythonhosted.org/packages/1a/88/30b583a9e0311bb474269cfa91db53350557ebec09002bfc3fb3fc364e8c/ty-0.0.14-py3-none-manylinux_2_17_s390x.manylinux2014_s390x.whl", hash = "sha256:242488bfb547ef080199f6fd81369ab9cb638a778bb161511d091ffd49c12129", size = 10555777, upload-time = "2026-01-27T00:58:05.853Z" },
    { url = "https://files.pythonhosted.org/packages/cd/a2/cb53fb6325dcf3d40f2b1d0457a25d55bfbae633c8e337bde8ec01a190eb/ty-0.0.14-py3-none-manylinux_2_17_x86_64.manylinux2014_x86_64.whl", hash = "sha256:4790c3866f6c83a4f424fc7d09ebdb225c1f1131647ba8bdc6fcdc28f09ed0ff", size = 10412913, upload-time = "2026-01-27T00:57:38.834Z" },
    { url = "https://files.pythonhosted.org/packages/42/8f/f2f5202d725ed1e6a4e5ffaa32b190a1fe70c0b1a2503d38515da4130b4c/ty-0.0.14-py3-none-musllinux_1_2_aarch64.whl", hash = "sha256:950f320437f96d4ea9a2332bbfb5b68f1c1acd269ebfa4c09b6970cc1565bd9d", size = 9837608, upload-time = "2026-01-27T00:57:55.898Z" },
    { url = "https://files.pythonhosted.org/packages/f7/ba/59a2a0521640c489dafa2c546ae1f8465f92956fede18660653cce73b4c5/ty-0.0.14-py3-none-musllinux_1_2_armv7l.whl", hash = "sha256:4a0ec3ee70d83887f86925bbc1c56f4628bd58a0f47f6f32ddfe04e1f05466df", size = 9884324, upload-time = "2026-01-27T00:57:46.786Z" },
    { url = "https://files.pythonhosted.org/packages/03/95/8d2a49880f47b638743212f011088552ecc454dd7a665ddcbdabea25772a/ty-0.0.14-py3-none-musllinux_1_2_i686.whl", hash = "sha256:a1a4e6b6da0c58b34415955279eff754d6206b35af56a18bb70eb519d8d139ef", size = 10033537, upload-time = "2026-01-27T00:58:01.149Z" },
    { url = "https://files.pythonhosted.org/packages/e9/40/4523b36f2ce69f92ccf783855a9e0ebbbd0f0bb5cdce6211ee1737159ed3/ty-0.0.14-py3-none-musllinux_1_2_x86_64.whl", hash = "sha256:dc04384e874c5de4c5d743369c277c8aa73d1edea3c7fc646b2064b637db4db3", size = 10495910, upload-time = "2026-01-27T00:57:26.691Z" },
    { url = "https://files.pythonhosted.org/packages/08/d5/655beb51224d1bfd4f9ddc0bb209659bfe71ff141bcf05c418ab670698f0/ty-0.0.14-py3-none-win32.whl", hash = "sha256:b20e22cf54c66b3e37e87377635da412d9a552c9bf4ad9fc449fed8b2e19dad2", size = 9507626, upload-time = "2026-01-27T00:57:41.43Z" },
    { url = "https://files.pythonhosted.org/packages/b6/d9/c569c9961760e20e0a4bc008eeb1415754564304fd53997a371b7cf3f864/ty-0.0.14-py3-none-win_amd64.whl", hash = "sha256:e312ff9475522d1a33186657fe74d1ec98e4a13e016d66f5758a452c90ff6409", size = 10437980, upload-time = "2026-01-27T00:57:36.422Z" },
    { url = "https://files.pythonhosted.org/packages/ad/0c/186829654f5bfd9a028f6648e9caeb11271960a61de97484627d24443f91/ty-0.0.14-py3-none-win_arm64.whl", hash = "sha256:b6facdbe9b740cb2c15293a1d178e22ffc600653646452632541d01c36d5e378", size = 9885831, upload-time = "2026-01-27T00:57:49.747Z" },
]

[[package]]
name = "wcwidth"
version = "0.2.13"
source = { registry = "https://pypi.org/simple" }
sdist = { url = "https://files.pythonhosted.org/packages/6c/63/53559446a878410fc5a5974feb13d31d78d752eb18aeba59c7fef1af7598/wcwidth-0.2.13.tar.gz", hash = "sha256:72ea0c06399eb286d978fdedb6923a9eb47e1c486ce63e9b4e64fc18303972b5", size = 101301, upload-time = "2024-01-06T02:10:57.829Z" }
wheels = [
    { url = "https://files.pythonhosted.org/packages/fd/84/fd2ba7aafacbad3c4201d395674fc6348826569da3c0937e75505ead3528/wcwidth-0.2.13-py2.py3-none-any.whl", hash = "sha256:3da69048e4540d84af32131829ff948f1e022c1c6bdb8d6102117aac784f6859", size = 34166, upload-time = "2024-01-06T02:10:55.763Z" },
]
